
Microsoft Visual Studio Solution File, Format Version 12.00
# Visual Studio Version 17
VisualStudioVersion = 17.8.34525.116
MinimumVisualStudioVersion = 10.0.40219.1
Project("{FAE04EC0-301F-11D3-BF4B-00C04F79EFBC}") = "LaboratorioProgra1", "LaboratorioProgra1\LaboratorioProgra1.csproj", "{CD21562D-8CBF-464B-A88B-F22D6F0C9053}"
EndProject
Global
	GlobalSection(SolutionConfigurationPlatforms) = preSolution
		Debug|Any CPU = Debug|Any CPU
		Release|Any CPU = Release|Any CPU
	EndGlobalSection
	GlobalSection(ProjectConfigurationPlatforms) = postSolution
		{CD21562D-8CBF-464B-A88B-F22D6F0C9053}.Debug|Any CPU.ActiveCfg = Debug|Any CPU
		{CD21562D-8CBF-464B-A88B-F22D6F0C9053}.Debug|Any CPU.Build.0 = Debug|Any CPU
		{CD21562D-8CBF-464B-A88B-F22D6F0C9053}.Release|Any CPU.ActiveCfg = Release|Any CPU
		{CD21562D-8CBF-464B-A88B-F22D6F0C9053}.Release|Any CPU.Build.0 = Release|Any CPU
	EndGlobalSection
	GlobalSection(SolutionProperties) = preSolution
		HideSolutionNode = FALSE
	EndGlobalSection
	GlobalSection(ExtensibilityGlobals) = postSolution
		SolutionGuid = {DCEAD24F-7CED-42DC-B20A-93DA38954F0B}
	EndGlobalSection
EndGlobal
